
Microsoft Visual Studio Solution File, Format Version 12.00
# Visual Studio Version 16
VisualStudioVersion = 16.0.30711.63
MinimumVisualStudioVersion = 10.0.40219.1
Project("{8BC9CEB8-8B4A-11D0-8D11-00A0C91BC942}") = "FoxSttyService", "FoxSttyService.vcxproj", "{32EE43A6-0555-4C93-AA93-95CC6745D5BE}"
EndProject
Project("{8BC9CEB8-8B4A-11D0-8D11-00A0C91BC942}") = "fox_stty_data", "..\fox_stty_data\fox_stty_data.vcxproj", "{2F27E402-0B07-416D-8269-E32B7C2B14FE}"
EndProject
Project("{8BC9CEB8-8B4A-11D0-8D11-00A0C91BC942}") = "fox_stty_boot", "..\fox_stty_boot\fox_stty_boot.vcxproj", "{EB6EDF07-9CD0-4804-AE0B-C2CE4016F356}"
EndProject
Project("{8BC9CEB8-8B4A-11D0-8D11-00A0C91BC942}") = "fox_stty_config", "..\fox_stty_config\fox_stty_config.vcxproj", "{A9BA27B3-9C23-4E7C-B0C6-BB2C0BF4CE04}"
EndProject
Project("{8BC9CEB8-8B4A-11D0-8D11-00A0C91BC942}") = "FoxDef", "..\..\fox_project\FoxDef\FoxDef.vcxproj", "{F65DE489-BC6A-4ADD-AFA0-98EED08D3FFC}"
EndProject
Project("{8BC9CEB8-8B4A-11D0-8D11-00A0C91BC942}") = "FoxFile", "..\..\fox_project\FoxFile\FoxFile.vcxproj", "{611876DB-8D8D-4E54-973E-6C67E0731B87}"
EndProject
Project("{8BC9CEB8-8B4A-11D0-8D11-00A0C91BC942}") = "FoxLogger", "..\..\fox_project\FoxLogger\FoxLogger.vcxproj", "{23242466-3FA2-4656-B7A6-FE77BEA44A99}"
EndProject
Project("{8BC9CEB8-8B4A-11D0-8D11-00A0C91BC942}") = "FoxJSon", "..\..\fox_project\FoxJSon\FoxJSon.vcxproj", "{445E0C6F-4CB3-4210-B160-17C12B0ACB18}"
EndProject
Project("{8BC9CEB8-8B4A-11D0-8D11-00A0C91BC942}") = "STLUtils", "..\..\fox_project\STLUtils\STLUtils.vcxproj", "{98179949-D2E6-4E63-B756-C0100EA19115}"
EndProject
Project("{8BC9CEB8-8B4A-11D0-8D11-00A0C91BC942}") = "FoxCoder", "..\..\fox_project\FoxCoder\FoxCoder.vcxproj", "{AF77F24A-EFDB-45AD-A6B2-9F922472C90B}"
EndProject
Project("{8BC9CEB8-8B4A-11D0-8D11-00A0C91BC942}") = "FoxStty", "..\..\fox_project\FoxStty\FoxStty.vcxproj", "{D9A06C84-509D-48B6-8740-D8E7F1355B09}"
EndProject
Project("{8BC9CEB8-8B4A-11D0-8D11-00A0C91BC942}") = "fox_stty_service", "..\fox_stty_service\fox_stty_service.vcxproj", "{E52D6A70-24AD-475B-95C6-887A2230DA1D}"
EndProject
Project("{8BC9CEB8-8B4A-11D0-8D11-00A0C91BC942}") = "fox_stty_proxy", "..\fox_stty_proxy\fox_stty_proxy.vcxproj", "{A6DD8118-9B56-4A63-BDB5-299DA8A813B2}"
EndProject
Project("{8BC9CEB8-8B4A-11D0-8D11-00A0C91BC942}") = "FoxSocket", "..\..\fox_project\FoxSocket\FoxSocket.vcxproj", "{84B06743-7D94-45BA-83B5-90B777B808B6}"
EndProject
Global
	GlobalSection(SolutionConfigurationPlatforms) = preSolution
		Debug|ARM = Debug|ARM
		Debug|ARM64 = Debug|ARM64
		Debug|x64 = Debug|x64
		Debug|x86 = Debug|x86
		Release|ARM = Release|ARM
		Release|ARM64 = Release|ARM64
		Release|x64 = Release|x64
		Release|x86 = Release|x86
	EndGlobalSection
	GlobalSection(ProjectConfigurationPlatforms) = postSolution
		{32EE43A6-0555-4C93-AA93-95CC6745D5BE}.Debug|ARM.ActiveCfg = Debug|ARM
		{32EE43A6-0555-4C93-AA93-95CC6745D5BE}.Debug|ARM.Build.0 = Debug|ARM
		{32EE43A6-0555-4C93-AA93-95CC6745D5BE}.Debug|ARM.Deploy.0 = Debug|ARM
		{32EE43A6-0555-4C93-AA93-95CC6745D5BE}.Debug|ARM64.ActiveCfg = Debug|ARM64
		{32EE43A6-0555-4C93-AA93-95CC6745D5BE}.Debug|ARM64.Build.0 = Debug|ARM64
		{32EE43A6-0555-4C93-AA93-95CC6745D5BE}.Debug|ARM64.Deploy.0 = Debug|ARM64
		{32EE43A6-0555-4C93-AA93-95CC6745D5BE}.Debug|x64.ActiveCfg = Debug|x64
		{32EE43A6-0555-4C93-AA93-95CC6745D5BE}.Debug|x64.Build.0 = Debug|x64
		{32EE43A6-0555-4C93-AA93-95CC6745D5BE}.Debug|x64.Deploy.0 = Debug|x64
		{32EE43A6-0555-4C93-AA93-95CC6745D5BE}.Debug|x86.ActiveCfg = Debug|x86
		{32EE43A6-0555-4C93-AA93-95CC6745D5BE}.Debug|x86.Build.0 = Debug|x86
		{32EE43A6-0555-4C93-AA93-95CC6745D5BE}.Debug|x86.Deploy.0 = Debug|x86
		{32EE43A6-0555-4C93-AA93-95CC6745D5BE}.Release|ARM.ActiveCfg = Release|ARM
		{32EE43A6-0555-4C93-AA93-95CC6745D5BE}.Release|ARM.Build.0 = Release|ARM
		{32EE43A6-0555-4C93-AA93-95CC6745D5BE}.Release|ARM.Deploy.0 = Release|ARM
		{32EE43A6-0555-4C93-AA93-95CC6745D5BE}.Release|ARM64.ActiveCfg = Release|ARM64
		{32EE43A6-0555-4C93-AA93-95CC6745D5BE}.Release|ARM64.Build.0 = Release|ARM64
		{32EE43A6-0555-4C93-AA93-95CC6745D5BE}.Release|ARM64.Deploy.0 = Release|ARM64
		{32EE43A6-0555-4C93-AA93-95CC6745D5BE}.Release|x64.ActiveCfg = Release|x64
		{32EE43A6-0555-4C93-AA93-95CC6745D5BE}.Release|x64.Build.0 = Release|x64
		{32EE43A6-0555-4C93-AA93-95CC6745D5BE}.Release|x64.Deploy.0 = Release|x64
		{32EE43A6-0555-4C93-AA93-95CC6745D5BE}.Release|x86.ActiveCfg = Release|x86
		{32EE43A6-0555-4C93-AA93-95CC6745D5BE}.Release|x86.Build.0 = Release|x86
		{32EE43A6-0555-4C93-AA93-95CC6745D5BE}.Release|x86.Deploy.0 = Release|x86
		{2F27E402-0B07-416D-8269-E32B7C2B14FE}.Debug|ARM.ActiveCfg = Debug|ARM
		{2F27E402-0B07-416D-8269-E32B7C2B14FE}.Debug|ARM.Build.0 = Debug|ARM
		{2F27E402-0B07-416D-8269-E32B7C2B14FE}.Debug|ARM.Deploy.0 = Debug|ARM
		{2F27E402-0B07-416D-8269-E32B7C2B14FE}.Debug|ARM64.ActiveCfg = Debug|ARM64
		{2F27E402-0B07-416D-8269-E32B7C2B14FE}.Debug|ARM64.Build.0 = Debug|ARM64
		{2F27E402-0B07-416D-8269-E32B7C2B14FE}.Debug|ARM64.Deploy.0 = Debug|ARM64
		{2F27E402-0B07-416D-8269-E32B7C2B14FE}.Debug|x64.ActiveCfg = Debug|x64
		{2F27E402-0B07-416D-8269-E32B7C2B14FE}.Debug|x64.Build.0 = Debug|x64
		{2F27E402-0B07-416D-8269-E32B7C2B14FE}.Debug|x64.Deploy.0 = Debug|x64
		{2F27E402-0B07-416D-8269-E32B7C2B14FE}.Debug|x86.ActiveCfg = Debug|x86
		{2F27E402-0B07-416D-8269-E32B7C2B14FE}.Debug|x86.Build.0 = Debug|x86
		{2F27E402-0B07-416D-8269-E32B7C2B14FE}.Debug|x86.Deploy.0 = Debug|x86
		{2F27E402-0B07-416D-8269-E32B7C2B14FE}.Release|ARM.ActiveCfg = Release|ARM
		{2F27E402-0B07-416D-8269-E32B7C2B14FE}.Release|ARM.Build.0 = Release|ARM
		{2F27E402-0B07-416D-8269-E32B7C2B14FE}.Release|ARM.Deploy.0 = Release|ARM
		{2F27E402-0B07-416D-8269-E32B7C2B14FE}.Release|ARM64.ActiveCfg = Release|ARM64
		{2F27E402-0B07-416D-8269-E32B7C2B14FE}.Release|ARM64.Build.0 = Release|ARM64
		{2F27E402-0B07-416D-8269-E32B7C2B14FE}.Release|ARM64.Deploy.0 = Release|ARM64
		{2F27E402-0B07-416D-8269-E32B7C2B14FE}.Release|x64.ActiveCfg = Release|x64
		{2F27E402-0B07-416D-8269-E32B7C2B14FE}.Release|x64.Build.0 = Release|x64
		{2F27E402-0B07-416D-8269-E32B7C2B14FE}.Release|x64.Deploy.0 = Release|x64
		{2F27E402-0B07-416D-8269-E32B7C2B14FE}.Release|x86.ActiveCfg = Release|x86
		{2F27E402-0B07-416D-8269-E32B7C2B14FE}.Release|x86.Build.0 = Release|x86
		{2F27E402-0B07-416D-8269-E32B7C2B14FE}.Release|x86.Deploy.0 = Release|x86
		{EB6EDF07-9CD0-4804-AE0B-C2CE4016F356}.Debug|ARM.ActiveCfg = Debug|ARM
		{EB6EDF07-9CD0-4804-AE0B-C2CE4016F356}.Debug|ARM.Build.0 = Debug|ARM
		{EB6EDF07-9CD0-4804-AE0B-C2CE4016F356}.Debug|ARM.Deploy.0 = Debug|ARM
		{EB6EDF07-9CD0-4804-AE0B-C2CE4016F356}.Debug|ARM64.ActiveCfg = Debug|ARM64
		{EB6EDF07-9CD0-4804-AE0B-C2CE4016F356}.Debug|ARM64.Build.0 = Debug|ARM64
		{EB6EDF07-9CD0-4804-AE0B-C2CE4016F356}.Debug|ARM64.Deploy.0 = Debug|ARM64
		{EB6EDF07-9CD0-4804-AE0B-C2CE4016F356}.Debug|x64.ActiveCfg = Debug|x64
		{EB6EDF07-9CD0-4804-AE0B-C2CE4016F356}.Debug|x64.Build.0 = Debug|x64
		{EB6EDF07-9CD0-4804-AE0B-C2CE4016F356}.Debug|x64.Deploy.0 = Debug|x64
		{EB6EDF07-9CD0-4804-AE0B-C2CE4016F356}.Debug|x86.ActiveCfg = Debug|x86
		{EB6EDF07-9CD0-4804-AE0B-C2CE4016F356}.Debug|x86.Build.0 = Debug|x86
		{EB6EDF07-9CD0-4804-AE0B-C2CE4016F356}.Debug|x86.Deploy.0 = Debug|x86
		{EB6EDF07-9CD0-4804-AE0B-C2CE4016F356}.Release|ARM.ActiveCfg = Release|ARM
		{EB6EDF07-9CD0-4804-AE0B-C2CE4016F356}.Release|ARM.Build.0 = Release|ARM
		{EB6EDF07-9CD0-4804-AE0B-C2CE4016F356}.Release|ARM.Deploy.0 = Release|ARM
		{EB6EDF07-9CD0-4804-AE0B-C2CE4016F356}.Release|ARM64.ActiveCfg = Release|ARM64
		{EB6EDF07-9CD0-4804-AE0B-C2CE4016F356}.Release|ARM64.Build.0 = Release|ARM64
		{EB6EDF07-9CD0-4804-AE0B-C2CE4016F356}.Release|ARM64.Deploy.0 = Release|ARM64
		{EB6EDF07-9CD0-4804-AE0B-C2CE4016F356}.Release|x64.ActiveCfg = Release|x64
		{EB6EDF07-9CD0-4804-AE0B-C2CE4016F356}.Release|x64.Build.0 = Release|x64
		{EB6EDF07-9CD0-4804-AE0B-C2CE4016F356}.Release|x64.Deploy.0 = Release|x64
		{EB6EDF07-9CD0-4804-AE0B-C2CE4016F356}.Release|x86.ActiveCfg = Release|x86
		{EB6EDF07-9CD0-4804-AE0B-C2CE4016F356}.Release|x86.Build.0 = Release|x86
		{EB6EDF07-9CD0-4804-AE0B-C2CE4016F356}.Release|x86.Deploy.0 = Release|x86
		{A9BA27B3-9C23-4E7C-B0C6-BB2C0BF4CE04}.Debug|ARM.ActiveCfg = Debug|ARM
		{A9BA27B3-9C23-4E7C-B0C6-BB2C0BF4CE04}.Debug|ARM.Build.0 = Debug|ARM
		{A9BA27B3-9C23-4E7C-B0C6-BB2C0BF4CE04}.Debug|ARM.Deploy.0 = Debug|ARM
		{A9BA27B3-9C23-4E7C-B0C6-BB2C0BF4CE04}.Debug|ARM64.ActiveCfg = Debug|ARM64
		{A9BA27B3-9C23-4E7C-B0C6-BB2C0BF4CE04}.Debug|ARM64.Build.0 = Debug|ARM64
		{A9BA27B3-9C23-4E7C-B0C6-BB2C0BF4CE04}.Debug|ARM64.Deploy.0 = Debug|ARM64
		{A9BA27B3-9C23-4E7C-B0C6-BB2C0BF4CE04}.Debug|x64.ActiveCfg = Debug|x64
		{A9BA27B3-9C23-4E7C-B0C6-BB2C0BF4CE04}.Debug|x64.Build.0 = Debug|x64
		{A9BA27B3-9C23-4E7C-B0C6-BB2C0BF4CE04}.Debug|x64.Deploy.0 = Debug|x64
		{A9BA27B3-9C23-4E7C-B0C6-BB2C0BF4CE04}.Debug|x86.ActiveCfg = Debug|x86
		{A9BA27B3-9C23-4E7C-B0C6-BB2C0BF4CE04}.Debug|x86.Build.0 = Debug|x86
		{A9BA27B3-9C23-4E7C-B0C6-BB2C0BF4CE04}.Debug|x86.Deploy.0 = Debug|x86
		{A9BA27B3-9C23-4E7C-B0C6-BB2C0BF4CE04}.Release|ARM.ActiveCfg = Release|ARM
		{A9BA27B3-9C23-4E7C-B0C6-BB2C0BF4CE04}.Release|ARM.Build.0 = Release|ARM
		{A9BA27B3-9C23-4E7C-B0C6-BB2C0BF4CE04}.Release|ARM.Deploy.0 = Release|ARM
		{A9BA27B3-9C23-4E7C-B0C6-BB2C0BF4CE04}.Release|ARM64.ActiveCfg = Release|ARM64
		{A9BA27B3-9C23-4E7C-B0C6-BB2C0BF4CE04}.Release|ARM64.Build.0 = Release|ARM64
		{A9BA27B3-9C23-4E7C-B0C6-BB2C0BF4CE04}.Release|ARM64.Deploy.0 = Release|ARM64
		{A9BA27B3-9C23-4E7C-B0C6-BB2C0BF4CE04}.Release|x64.ActiveCfg = Release|x64
		{A9BA27B3-9C23-4E7C-B0C6-BB2C0BF4CE04}.Release|x64.Build.0 = Release|x64
		{A9BA27B3-9C23-4E7C-B0C6-BB2C0BF4CE04}.Release|x64.Deploy.0 = Release|x64
		{A9BA27B3-9C23-4E7C-B0C6-BB2C0BF4CE04}.Release|x86.ActiveCfg = Release|x86
		{A9BA27B3-9C23-4E7C-B0C6-BB2C0BF4CE04}.Release|x86.Build.0 = Release|x86
		{A9BA27B3-9C23-4E7C-B0C6-BB2C0BF4CE04}.Release|x86.Deploy.0 = Release|x86
		{F65DE489-BC6A-4ADD-AFA0-98EED08D3FFC}.Debug|ARM.ActiveCfg = Debug|ARM
		{F65DE489-BC6A-4ADD-AFA0-98EED08D3FFC}.Debug|ARM.Build.0 = Debug|ARM
		{F65DE489-BC6A-4ADD-AFA0-98EED08D3FFC}.Debug|ARM.Deploy.0 = Debug|ARM
		{F65DE489-BC6A-4ADD-AFA0-98EED08D3FFC}.Debug|ARM64.ActiveCfg = Debug|ARM64
		{F65DE489-BC6A-4ADD-AFA0-98EED08D3FFC}.Debug|ARM64.Build.0 = Debug|ARM64
		{F65DE489-BC6A-4ADD-AFA0-98EED08D3FFC}.Debug|ARM64.Deploy.0 = Debug|ARM64
		{F65DE489-BC6A-4ADD-AFA0-98EED08D3FFC}.Debug|x64.ActiveCfg = Debug|x64
		{F65DE489-BC6A-4ADD-AFA0-98EED08D3FFC}.Debug|x64.Build.0 = Debug|x64
		{F65DE489-BC6A-4ADD-AFA0-98EED08D3FFC}.Debug|x64.Deploy.0 = Debug|x64
		{F65DE489-BC6A-4ADD-AFA0-98EED08D3FFC}.Debug|x86.ActiveCfg = Debug|x86
		{F65DE489-BC6A-4ADD-AFA0-98EED08D3FFC}.Debug|x86.Build.0 = Debug|x86
		{F65DE489-BC6A-4ADD-AFA0-98EED08D3FFC}.Debug|x86.Deploy.0 = Debug|x86
		{F65DE489-BC6A-4ADD-AFA0-98EED08D3FFC}.Release|ARM.ActiveCfg = Release|ARM
		{F65DE489-BC6A-4ADD-AFA0-98EED08D3FFC}.Release|ARM.Build.0 = Release|ARM
		{F65DE489-BC6A-4ADD-AFA0-98EED08D3FFC}.Release|ARM.Deploy.0 = Release|ARM
		{F65DE489-BC6A-4ADD-AFA0-98EED08D3FFC}.Release|ARM64.ActiveCfg = Release|ARM64
		{F65DE489-BC6A-4ADD-AFA0-98EED08D3FFC}.Release|ARM64.Build.0 = Release|ARM64
		{F65DE489-BC6A-4ADD-AFA0-98EED08D3FFC}.Release|ARM64.Deploy.0 = Release|ARM64
		{F65DE489-BC6A-4ADD-AFA0-98EED08D3FFC}.Release|x64.ActiveCfg = Release|x64
		{F65DE489-BC6A-4ADD-AFA0-98EED08D3FFC}.Release|x64.Build.0 = Release|x64
		{F65DE489-BC6A-4ADD-AFA0-98EED08D3FFC}.Release|x64.Deploy.0 = Release|x64
		{F65DE489-BC6A-4ADD-AFA0-98EED08D3FFC}.Release|x86.ActiveCfg = Release|x86
		{F65DE489-BC6A-4ADD-AFA0-98EED08D3FFC}.Release|x86.Build.0 = Release|x86
		{F65DE489-BC6A-4ADD-AFA0-98EED08D3FFC}.Release|x86.Deploy.0 = Release|x86
		{611876DB-8D8D-4E54-973E-6C67E0731B87}.Debug|ARM.ActiveCfg = Debug|ARM
		{611876DB-8D8D-4E54-973E-6C67E0731B87}.Debug|ARM.Build.0 = Debug|ARM
		{611876DB-8D8D-4E54-973E-6C67E0731B87}.Debug|ARM.Deploy.0 = Debug|ARM
		{611876DB-8D8D-4E54-973E-6C67E0731B87}.Debug|ARM64.ActiveCfg = Debug|ARM64
		{611876DB-8D8D-4E54-973E-6C67E0731B87}.Debug|ARM64.Build.0 = Debug|ARM64
		{611876DB-8D8D-4E54-973E-6C67E0731B87}.Debug|ARM64.Deploy.0 = Debug|ARM64
		{611876DB-8D8D-4E54-973E-6C67E0731B87}.Debug|x64.ActiveCfg = Debug|x64
		{611876DB-8D8D-4E54-973E-6C67E0731B87}.Debug|x64.Build.0 = Debug|x64
		{611876DB-8D8D-4E54-973E-6C67E0731B87}.Debug|x64.Deploy.0 = Debug|x64
		{611876DB-8D8D-4E54-973E-6C67E0731B87}.Debug|x86.ActiveCfg = Debug|x86
		{611876DB-8D8D-4E54-973E-6C67E0731B87}.Debug|x86.Build.0 = Debug|x86
		{611876DB-8D8D-4E54-973E-6C67E0731B87}.Debug|x86.Deploy.0 = Debug|x86
		{611876DB-8D8D-4E54-973E-6C67E0731B87}.Release|ARM.ActiveCfg = Release|ARM
		{611876DB-8D8D-4E54-973E-6C67E0731B87}.Release|ARM.Build.0 = Release|ARM
		{611876DB-8D8D-4E54-973E-6C67E0731B87}.Release|ARM.Deploy.0 = Release|ARM
		{611876DB-8D8D-4E54-973E-6C67E0731B87}.Release|ARM64.ActiveCfg = Release|ARM64
		{611876DB-8D8D-4E54-973E-6C67E0731B87}.Release|ARM64.Build.0 = Release|ARM64
		{611876DB-8D8D-4E54-973E-6C67E0731B87}.Release|ARM64.Deploy.0 = Release|ARM64
		{611876DB-8D8D-4E54-973E-6C67E0731B87}.Release|x64.ActiveCfg = Release|x64
		{611876DB-8D8D-4E54-973E-6C67E0731B87}.Release|x64.Build.0 = Release|x64
		{611876DB-8D8D-4E54-973E-6C67E0731B87}.Release|x64.Deploy.0 = Release|x64
		{611876DB-8D8D-4E54-973E-6C67E0731B87}.Release|x86.ActiveCfg = Release|x86
		{611876DB-8D8D-4E54-973E-6C67E0731B87}.Release|x86.Build.0 = Release|x86
		{611876DB-8D8D-4E54-973E-6C67E0731B87}.Release|x86.Deploy.0 = Release|x86
		{23242466-3FA2-4656-B7A6-FE77BEA44A99}.Debug|ARM.ActiveCfg = Debug|ARM
		{23242466-3FA2-4656-B7A6-FE77BEA44A99}.Debug|ARM.Build.0 = Debug|ARM
		{23242466-3FA2-4656-B7A6-FE77BEA44A99}.Debug|ARM.Deploy.0 = Debug|ARM
		{23242466-3FA2-4656-B7A6-FE77BEA44A99}.Debug|ARM64.ActiveCfg = Debug|ARM64
		{23242466-3FA2-4656-B7A6-FE77BEA44A99}.Debug|ARM64.Build.0 = Debug|ARM64
		{23242466-3FA2-4656-B7A6-FE77BEA44A99}.Debug|ARM64.Deploy.0 = Debug|ARM64
		{23242466-3FA2-4656-B7A6-FE77BEA44A99}.Debug|x64.ActiveCfg = Debug|x64
		{23242466-3FA2-4656-B7A6-FE77BEA44A99}.Debug|x64.Build.0 = Debug|x64
		{23242466-3FA2-4656-B7A6-FE77BEA44A99}.Debug|x64.Deploy.0 = Debug|x64
		{23242466-3FA2-4656-B7A6-FE77BEA44A99}.Debug|x86.ActiveCfg = Debug|x86
		{23242466-3FA2-4656-B7A6-FE77BEA44A99}.Debug|x86.Build.0 = Debug|x86
		{23242466-3FA2-4656-B7A6-FE77BEA44A99}.Debug|x86.Deploy.0 = Debug|x86
		{23242466-3FA2-4656-B7A6-FE77BEA44A99}.Release|ARM.ActiveCfg = Release|ARM
		{23242466-3FA2-4656-B7A6-FE77BEA44A99}.Release|ARM.Build.0 = Release|ARM
		{23242466-3FA2-4656-B7A6-FE77BEA44A99}.Release|ARM.Deploy.0 = Release|ARM
		{23242466-3FA2-4656-B7A6-FE77BEA44A99}.Release|ARM64.ActiveCfg = Release|ARM64
		{23242466-3FA2-4656-B7A6-FE77BEA44A99}.Release|ARM64.Build.0 = Release|ARM64
		{23242466-3FA2-4656-B7A6-FE77BEA44A99}.Release|ARM64.Deploy.0 = Release|ARM64
		{23242466-3FA2-4656-B7A6-FE77BEA44A99}.Release|x64.ActiveCfg = Release|x64
		{23242466-3FA2-4656-B7A6-FE77BEA44A99}.Release|x64.Build.0 = Release|x64
		{23242466-3FA2-4656-B7A6-FE77BEA44A99}.Release|x64.Deploy.0 = Release|x64
		{23242466-3FA2-4656-B7A6-FE77BEA44A99}.Release|x86.ActiveCfg = Release|x86
		{23242466-3FA2-4656-B7A6-FE77BEA44A99}.Release|x86.Build.0 = Release|x86
		{23242466-3FA2-4656-B7A6-FE77BEA44A99}.Release|x86.Deploy.0 = Release|x86
		{445E0C6F-4CB3-4210-B160-17C12B0ACB18}.Debug|ARM.ActiveCfg = Debug|ARM
		{445E0C6F-4CB3-4210-B160-17C12B0ACB18}.Debug|ARM.Build.0 = Debug|ARM
		{445E0C6F-4CB3-4210-B160-17C12B0ACB18}.Debug|ARM.Deploy.0 = Debug|ARM
		{445E0C6F-4CB3-4210-B160-17C12B0ACB18}.Debug|ARM64.ActiveCfg = Debug|ARM64
		{445E0C6F-4CB3-4210-B160-17C12B0ACB18}.Debug|ARM64.Build.0 = Debug|ARM64
		{445E0C6F-4CB3-4210-B160-17C12B0ACB18}.Debug|ARM64.Deploy.0 = Debug|ARM64
		{445E0C6F-4CB3-4210-B160-17C12B0ACB18}.Debug|x64.ActiveCfg = Debug|x64
		{445E0C6F-4CB3-4210-B160-17C12B0ACB18}.Debug|x64.Build.0 = Debug|x64
		{445E0C6F-4CB3-4210-B160-17C12B0ACB18}.Debug|x64.Deploy.0 = Debug|x64
		{445E0C6F-4CB3-4210-B160-17C12B0ACB18}.Debug|x86.ActiveCfg = Debug|x86
		{445E0C6F-4CB3-4210-B160-17C12B0ACB18}.Debug|x86.Build.0 = Debug|x86
		{445E0C6F-4CB3-4210-B160-17C12B0ACB18}.Debug|x86.Deploy.0 = Debug|x86
		{445E0C6F-4CB3-4210-B160-17C12B0ACB18}.Release|ARM.ActiveCfg = Release|ARM
		{445E0C6F-4CB3-4210-B160-17C12B0ACB18}.Release|ARM.Build.0 = Release|ARM
		{445E0C6F-4CB3-4210-B160-17C12B0ACB18}.Release|ARM.Deploy.0 = Release|ARM
		{445E0C6F-4CB3-4210-B160-17C12B0ACB18}.Release|ARM64.ActiveCfg = Release|ARM64
		{445E0C6F-4CB3-4210-B160-17C12B0ACB18}.Release|ARM64.Build.0 = Release|ARM64
		{445E0C6F-4CB3-4210-B160-17C12B0ACB18}.Release|ARM64.Deploy.0 = Release|ARM64
		{445E0C6F-4CB3-4210-B160-17C12B0ACB18}.Release|x64.ActiveCfg = Release|x64
		{445E0C6F-4CB3-4210-B160-17C12B0ACB18}.Release|x64.Build.0 = Release|x64
		{445E0C6F-4CB3-4210-B160-17C12B0ACB18}.Release|x64.Deploy.0 = Release|x64
		{445E0C6F-4CB3-4210-B160-17C12B0ACB18}.Release|x86.ActiveCfg = Release|x86
		{445E0C6F-4CB3-4210-B160-17C12B0ACB18}.Release|x86.Build.0 = Release|x86
		{445E0C6F-4CB3-4210-B160-17C12B0ACB18}.Release|x86.Deploy.0 = Release|x86
		{98179949-D2E6-4E63-B756-C0100EA19115}.Debug|ARM.ActiveCfg = Debug|ARM
		{98179949-D2E6-4E63-B756-C0100EA19115}.Debug|ARM.Build.0 = Debug|ARM
		{98179949-D2E6-4E63-B756-C0100EA19115}.Debug|ARM.Deploy.0 = Debug|ARM
		{98179949-D2E6-4E63-B756-C0100EA19115}.Debug|ARM64.ActiveCfg = Debug|ARM64
		{98179949-D2E6-4E63-B756-C0100EA19115}.Debug|ARM64.Build.0 = Debug|ARM64
		{98179949-D2E6-4E63-B756-C0100EA19115}.Debug|ARM64.Deploy.0 = Debug|ARM64
		{98179949-D2E6-4E63-B756-C0100EA19115}.Debug|x64.ActiveCfg = Debug|x64
		{98179949-D2E6-4E63-B756-C0100EA19115}.Debug|x64.Build.0 = Debug|x64
		{98179949-D2E6-4E63-B756-C0100EA19115}.Debug|x64.Deploy.0 = Debug|x64
		{98179949-D2E6-4E63-B756-C0100EA19115}.Debug|x86.ActiveCfg = Debug|x86
		{98179949-D2E6-4E63-B756-C0100EA19115}.Debug|x86.Build.0 = Debug|x86
		{98179949-D2E6-4E63-B756-C0100EA19115}.Debug|x86.Deploy.0 = Debug|x86
		{98179949-D2E6-4E63-B756-C0100EA19115}.Release|ARM.ActiveCfg = Release|ARM
		{98179949-D2E6-4E63-B756-C0100EA19115}.Release|ARM.Build.0 = Release|ARM
		{98179949-D2E6-4E63-B756-C0100EA19115}.Release|ARM.Deploy.0 = Release|ARM
		{98179949-D2E6-4E63-B756-C0100EA19115}.Release|ARM64.ActiveCfg = Release|ARM64
		{98179949-D2E6-4E63-B756-C0100EA19115}.Release|ARM64.Build.0 = Release|ARM64
		{98179949-D2E6-4E63-B756-C0100EA19115}.Release|ARM64.Deploy.0 = Release|ARM64
		{98179949-D2E6-4E63-B756-C0100EA19115}.Release|x64.ActiveCfg = Release|x64
		{98179949-D2E6-4E63-B756-C0100EA19115}.Release|x64.Build.0 = Release|x64
		{98179949-D2E6-4E63-B756-C0100EA19115}.Release|x64.Deploy.0 = Release|x64
		{98179949-D2E6-4E63-B756-C0100EA19115}.Release|x86.ActiveCfg = Release|x86
		{98179949-D2E6-4E63-B756-C0100EA19115}.Release|x86.Build.0 = Release|x86
		{98179949-D2E6-4E63-B756-C0100EA19115}.Release|x86.Deploy.0 = Release|x86
		{AF77F24A-EFDB-45AD-A6B2-9F922472C90B}.Debug|ARM.ActiveCfg = Debug|ARM
		{AF77F24A-EFDB-45AD-A6B2-9F922472C90B}.Debug|ARM.Build.0 = Debug|ARM
		{AF77F24A-EFDB-45AD-A6B2-9F922472C90B}.Debug|ARM.Deploy.0 = Debug|ARM
		{AF77F24A-EFDB-45AD-A6B2-9F922472C90B}.Debug|ARM64.ActiveCfg = Debug|ARM64
		{AF77F24A-EFDB-45AD-A6B2-9F922472C90B}.Debug|ARM64.Build.0 = Debug|ARM64
		{AF77F24A-EFDB-45AD-A6B2-9F922472C90B}.Debug|ARM64.Deploy.0 = Debug|ARM64
		{AF77F24A-EFDB-45AD-A6B2-9F922472C90B}.Debug|x64.ActiveCfg = Debug|x64
		{AF77F24A-EFDB-45AD-A6B2-9F922472C90B}.Debug|x64.Build.0 = Debug|x64
		{AF77F24A-EFDB-45AD-A6B2-9F922472C90B}.Debug|x64.Deploy.0 = Debug|x64
		{AF77F24A-EFDB-45AD-A6B2-9F922472C90B}.Debug|x86.ActiveCfg = Debug|x86
		{AF77F24A-EFDB-45AD-A6B2-9F922472C90B}.Debug|x86.Build.0 = Debug|x86
		{AF77F24A-EFDB-45AD-A6B2-9F922472C90B}.Debug|x86.Deploy.0 = Debug|x86
		{AF77F24A-EFDB-45AD-A6B2-9F922472C90B}.Release|ARM.ActiveCfg = Release|ARM
		{AF77F24A-EFDB-45AD-A6B2-9F922472C90B}.Release|ARM.Build.0 = Release|ARM
		{AF77F24A-EFDB-45AD-A6B2-9F922472C90B}.Release|ARM.Deploy.0 = Release|ARM
		{AF77F24A-EFDB-45AD-A6B2-9F922472C90B}.Release|ARM64.ActiveCfg = Release|ARM64
		{AF77F24A-EFDB-45AD-A6B2-9F922472C90B}.Release|ARM64.Build.0 = Release|ARM64
		{AF77F24A-EFDB-45AD-A6B2-9F922472C90B}.Release|ARM64.Deploy.0 = Release|ARM64
		{AF77F24A-EFDB-45AD-A6B2-9F922472C90B}.Release|x64.ActiveCfg = Release|x64
		{AF77F24A-EFDB-45AD-A6B2-9F922472C90B}.Release|x64.Build.0 = Release|x64
		{AF77F24A-EFDB-45AD-A6B2-9F922472C90B}.Release|x64.Deploy.0 = Release|x64
		{AF77F24A-EFDB-45AD-A6B2-9F922472C90B}.Release|x86.ActiveCfg = Release|x86
		{AF77F24A-EFDB-45AD-A6B2-9F922472C90B}.Release|x86.Build.0 = Release|x86
		{AF77F24A-EFDB-45AD-A6B2-9F922472C90B}.Release|x86.Deploy.0 = Release|x86
		{D9A06C84-509D-48B6-8740-D8E7F1355B09}.Debug|ARM.ActiveCfg = Debug|ARM
		{D9A06C84-509D-48B6-8740-D8E7F1355B09}.Debug|ARM.Build.0 = Debug|ARM
		{D9A06C84-509D-48B6-8740-D8E7F1355B09}.Debug|ARM.Deploy.0 = Debug|ARM
		{D9A06C84-509D-48B6-8740-D8E7F1355B09}.Debug|ARM64.ActiveCfg = Debug|ARM64
		{D9A06C84-509D-48B6-8740-D8E7F1355B09}.Debug|ARM64.Build.0 = Debug|ARM64
		{D9A06C84-509D-48B6-8740-D8E7F1355B09}.Debug|ARM64.Deploy.0 = Debug|ARM64
		{D9A06C84-509D-48B6-8740-D8E7F1355B09}.Debug|x64.ActiveCfg = Debug|x64
		{D9A06C84-509D-48B6-8740-D8E7F1355B09}.Debug|x64.Build.0 = Debug|x64
		{D9A06C84-509D-48B6-8740-D8E7F1355B09}.Debug|x64.Deploy.0 = Debug|x64
		{D9A06C84-509D-48B6-8740-D8E7F1355B09}.Debug|x86.ActiveCfg = Debug|x86
		{D9A06C84-509D-48B6-8740-D8E7F1355B09}.Debug|x86.Build.0 = Debug|x86
		{D9A06C84-509D-48B6-8740-D8E7F1355B09}.Debug|x86.Deploy.0 = Debug|x86
		{D9A06C84-509D-48B6-8740-D8E7F1355B09}.Release|ARM.ActiveCfg = Release|ARM
		{D9A06C84-509D-48B6-8740-D8E7F1355B09}.Release|ARM.Build.0 = Release|ARM
		{D9A06C84-509D-48B6-8740-D8E7F1355B09}.Release|ARM.Deploy.0 = Release|ARM
		{D9A06C84-509D-48B6-8740-D8E7F1355B09}.Release|ARM64.ActiveCfg = Release|ARM64
		{D9A06C84-509D-48B6-8740-D8E7F1355B09}.Release|ARM64.Build.0 = Release|ARM64
		{D9A06C84-509D-48B6-8740-D8E7F1355B09}.Release|ARM64.Deploy.0 = Release|ARM64
		{D9A06C84-509D-48B6-8740-D8E7F1355B09}.Release|x64.ActiveCfg = Release|x64
		{D9A06C84-509D-48B6-8740-D8E7F1355B09}.Release|x64.Build.0 = Release|x64
		{D9A06C84-509D-48B6-8740-D8E7F1355B09}.Release|x64.Deploy.0 = Release|x64
		{D9A06C84-509D-48B6-8740-D8E7F1355B09}.Release|x86.ActiveCfg = Release|x86
		{D9A06C84-509D-48B6-8740-D8E7F1355B09}.Release|x86.Build.0 = Release|x86
		{D9A06C84-509D-48B6-8740-D8E7F1355B09}.Release|x86.Deploy.0 = Release|x86
		{E52D6A70-24AD-475B-95C6-887A2230DA1D}.Debug|ARM.ActiveCfg = Debug|ARM
		{E52D6A70-24AD-475B-95C6-887A2230DA1D}.Debug|ARM.Build.0 = Debug|ARM
		{E52D6A70-24AD-475B-95C6-887A2230DA1D}.Debug|ARM.Deploy.0 = Debug|ARM
		{E52D6A70-24AD-475B-95C6-887A2230DA1D}.Debug|ARM64.ActiveCfg = Debug|ARM64
		{E52D6A70-24AD-475B-95C6-887A2230DA1D}.Debug|ARM64.Build.0 = Debug|ARM64
		{E52D6A70-24AD-475B-95C6-887A2230DA1D}.Debug|ARM64.Deploy.0 = Debug|ARM64
		{E52D6A70-24AD-475B-95C6-887A2230DA1D}.Debug|x64.ActiveCfg = Debug|x64
		{E52D6A70-24AD-475B-95C6-887A2230DA1D}.Debug|x64.Build.0 = Debug|x64
		{E52D6A70-24AD-475B-95C6-887A2230DA1D}.Debug|x64.Deploy.0 = Debug|x64
		{E52D6A70-24AD-475B-95C6-887A2230DA1D}.Debug|x86.ActiveCfg = Debug|x86
		{E52D6A70-24AD-475B-95C6-887A2230DA1D}.Debug|x86.Build.0 = Debug|x86
		{E52D6A70-24AD-475B-95C6-887A2230DA1D}.Debug|x86.Deploy.0 = Debug|x86
		{E52D6A70-24AD-475B-95C6-887A2230DA1D}.Release|ARM.ActiveCfg = Release|ARM
		{E52D6A70-24AD-475B-95C6-887A2230DA1D}.Release|ARM.Build.0 = Release|ARM
		{E52D6A70-24AD-475B-95C6-887A2230DA1D}.Release|ARM.Deploy.0 = Release|ARM
		{E52D6A70-24AD-475B-95C6-887A2230DA1D}.Release|ARM64.ActiveCfg = Release|ARM64
		{E52D6A70-24AD-475B-95C6-887A2230DA1D}.Release|ARM64.Build.0 = Release|ARM64
		{E52D6A70-24AD-475B-95C6-887A2230DA1D}.Release|ARM64.Deploy.0 = Release|ARM64
		{E52D6A70-24AD-475B-95C6-887A2230DA1D}.Release|x64.ActiveCfg = Release|x64
		{E52D6A70-24AD-475B-95C6-887A2230DA1D}.Release|x64.Build.0 = Release|x64
		{E52D6A70-24AD-475B-95C6-887A2230DA1D}.Release|x64.Deploy.0 = Release|x64
		{E52D6A70-24AD-475B-95C6-887A2230DA1D}.Release|x86.ActiveCfg = Release|x86
		{E52D6A70-24AD-475B-95C6-887A2230DA1D}.Release|x86.Build.0 = Release|x86
		{E52D6A70-24AD-475B-95C6-887A2230DA1D}.Release|x86.Deploy.0 = Release|x86
		{A6DD8118-9B56-4A63-BDB5-299DA8A813B2}.Debug|ARM.ActiveCfg = Debug|ARM
		{A6DD8118-9B56-4A63-BDB5-299DA8A813B2}.Debug|ARM.Build.0 = Debug|ARM
		{A6DD8118-9B56-4A63-BDB5-299DA8A813B2}.Debug|ARM.Deploy.0 = Debug|ARM
		{A6DD8118-9B56-4A63-BDB5-299DA8A813B2}.Debug|ARM64.ActiveCfg = Debug|ARM64
		{A6DD8118-9B56-4A63-BDB5-299DA8A813B2}.Debug|ARM64.Build.0 = Debug|ARM64
		{A6DD8118-9B56-4A63-BDB5-299DA8A813B2}.Debug|ARM64.Deploy.0 = Debug|ARM64
		{A6DD8118-9B56-4A63-BDB5-299DA8A813B2}.Debug|x64.ActiveCfg = Debug|x64
		{A6DD8118-9B56-4A63-BDB5-299DA8A813B2}.Debug|x64.Build.0 = Debug|x64
		{A6DD8118-9B56-4A63-BDB5-299DA8A813B2}.Debug|x64.Deploy.0 = Debug|x64
		{A6DD8118-9B56-4A63-BDB5-299DA8A813B2}.Debug|x86.ActiveCfg = Debug|x86
		{A6DD8118-9B56-4A63-BDB5-299DA8A813B2}.Debug|x86.Build.0 = Debug|x86
		{A6DD8118-9B56-4A63-BDB5-299DA8A813B2}.Debug|x86.Deploy.0 = Debug|x86
		{A6DD8118-9B56-4A63-BDB5-299DA8A813B2}.Release|ARM.ActiveCfg = Release|ARM
		{A6DD8118-9B56-4A63-BDB5-299DA8A813B2}.Release|ARM.Build.0 = Release|ARM
		{A6DD8118-9B56-4A63-BDB5-299DA8A813B2}.Release|ARM.Deploy.0 = Release|ARM
		{A6DD8118-9B56-4A63-BDB5-299DA8A813B2}.Release|ARM64.ActiveCfg = Release|ARM64
		{A6DD8118-9B56-4A63-BDB5-299DA8A813B2}.Release|ARM64.Build.0 = Release|ARM64
		{A6DD8118-9B56-4A63-BDB5-299DA8A813B2}.Release|ARM64.Deploy.0 = Release|ARM64
		{A6DD8118-9B56-4A63-BDB5-299DA8A813B2}.Release|x64.ActiveCfg = Release|x64
		{A6DD8118-9B56-4A63-BDB5-299DA8A813B2}.Release|x64.Build.0 = Release|x64
		{A6DD8118-9B56-4A63-BDB5-299DA8A813B2}.Release|x64.Deploy.0 = Release|x64
		{A6DD8118-9B56-4A63-BDB5-299DA8A813B2}.Release|x86.ActiveCfg = Release|x86
		{A6DD8118-9B56-4A63-BDB5-299DA8A813B2}.Release|x86.Build.0 = Release|x86
		{A6DD8118-9B56-4A63-BDB5-299DA8A813B2}.Release|x86.Deploy.0 = Release|x86
		{84B06743-7D94-45BA-83B5-90B777B808B6}.Debug|ARM.ActiveCfg = Debug|ARM
		{84B06743-7D94-45BA-83B5-90B777B808B6}.Debug|ARM.Build.0 = Debug|ARM
		{84B06743-7D94-45BA-83B5-90B777B808B6}.Debug|ARM.Deploy.0 = Debug|ARM
		{84B06743-7D94-45BA-83B5-90B777B808B6}.Debug|ARM64.ActiveCfg = Debug|ARM64
		{84B06743-7D94-45BA-83B5-90B777B808B6}.Debug|ARM64.Build.0 = Debug|ARM64
		{84B06743-7D94-45BA-83B5-90B777B808B6}.Debug|ARM64.Deploy.0 = Debug|ARM64
		{84B06743-7D94-45BA-83B5-90B777B808B6}.Debug|x64.ActiveCfg = Debug|x64
		{84B06743-7D94-45BA-83B5-90B777B808B6}.Debug|x64.Build.0 = Debug|x64
		{84B06743-7D94-45BA-83B5-90B777B808B6}.Debug|x64.Deploy.0 = Debug|x64
		{84B06743-7D94-45BA-83B5-90B777B808B6}.Debug|x86.ActiveCfg = Debug|x86
		{84B06743-7D94-45BA-83B5-90B777B808B6}.Debug|x86.Build.0 = Debug|x86
		{84B06743-7D94-45BA-83B5-90B777B808B6}.Debug|x86.Deploy.0 = Debug|x86
		{84B06743-7D94-45BA-83B5-90B777B808B6}.Release|ARM.ActiveCfg = Release|ARM
		{84B06743-7D94-45BA-83B5-90B777B808B6}.Release|ARM.Build.0 = Release|ARM
		{84B06743-7D94-45BA-83B5-90B777B808B6}.Release|ARM.Deploy.0 = Release|ARM
		{84B06743-7D94-45BA-83B5-90B777B808B6}.Release|ARM64.ActiveCfg = Release|ARM64
		{84B06743-7D94-45BA-83B5-90B777B808B6}.Release|ARM64.Build.0 = Release|ARM64
		{84B06743-7D94-45BA-83B5-90B777B808B6}.Release|ARM64.Deploy.0 = Release|ARM64
		{84B06743-7D94-45BA-83B5-90B777B808B6}.Release|x64.ActiveCfg = Release|x64
		{84B06743-7D94-45BA-83B5-90B777B808B6}.Release|x64.Build.0 = Release|x64
		{84B06743-7D94-45BA-83B5-90B777B808B6}.Release|x64.Deploy.0 = Release|x64
		{84B06743-7D94-45BA-83B5-90B777B808B6}.Release|x86.ActiveCfg = Release|x86
		{84B06743-7D94-45BA-83B5-90B777B808B6}.Release|x86.Build.0 = Release|x86
		{84B06743-7D94-45BA-83B5-90B777B808B6}.Release|x86.Deploy.0 = Release|x86
	EndGlobalSection
	GlobalSection(SolutionProperties) = preSolution
		HideSolutionNode = FALSE
	EndGlobalSection
	GlobalSection(ExtensibilityGlobals) = postSolution
		SolutionGuid = {67906F95-CA82-4B0E-84D6-CC9EAD3FD5AB}
	EndGlobalSection
EndGlobal
